
Microsoft Visual Studio Solution File, Format Version 12.00
# Visual Studio Version 17
VisualStudioVersion = 17.7.34202.233
MinimumVisualStudioVersion = 10.0.40219.1
Project("{FAE04EC0-301F-11D3-BF4B-00C04F79EFBC}") = "Project_Menu", "Project_Menu\Project_Menu.csproj", "{C42510F5-96AD-422E-B3FD-A2553338532B}"
EndProject
Project("{FAE04EC0-301F-11D3-BF4B-00C04F79EFBC}") = "ClassLibrary_ProjectMenu", "ClassLibrary_ProjectMenu\ClassLibrary_ProjectMenu.csproj", "{30F398D8-3AA2-43A6-9FA4-9434775C62AB}"
EndProject
Project("{FAE04EC0-301F-11D3-BF4B-00C04F79EFBC}") = "ClassLibrary_DataAccessLayer", "ClassLibrary_DataAccessLayer\ClassLibrary_DataAccessLayer.csproj", "{576A8A8A-1C18-4222-BBE4-4DB249668715}"
EndProject
Project("{FAE04EC0-301F-11D3-BF4B-00C04F79EFBC}") = "ClassLibrary_BusinessAccessLayer", "ClassLibrary_BusinessAccessLayer\ClassLibrary_BusinessAccessLayer.csproj", "{6508F141-2775-457D-BDE6-0E6FFB3C3CDB}"
EndProject
Project("{FAE04EC0-301F-11D3-BF4B-00C04F79EFBC}") = "ClassLibrary_MainMenu", "ClassLibrary_MainMenu\ClassLibrary_MainMenu.csproj", "{6131A140-FD3D-47EF-86FD-35BCDE03BEF4}"
EndProject
Global
	GlobalSection(SolutionConfigurationPlatforms) = preSolution
		Debug|Any CPU = Debug|Any CPU
		Release|Any CPU = Release|Any CPU
	EndGlobalSection
	GlobalSection(ProjectConfigurationPlatforms) = postSolution
		{C42510F5-96AD-422E-B3FD-A2553338532B}.Debug|Any CPU.ActiveCfg = Debug|Any CPU
		{C42510F5-96AD-422E-B3FD-A2553338532B}.Debug|Any CPU.Build.0 = Debug|Any CPU
		{C42510F5-96AD-422E-B3FD-A2553338532B}.Release|Any CPU.ActiveCfg = Release|Any CPU
		{C42510F5-96AD-422E-B3FD-A2553338532B}.Release|Any CPU.Build.0 = Release|Any CPU
		{30F398D8-3AA2-43A6-9FA4-9434775C62AB}.Debug|Any CPU.ActiveCfg = Debug|Any CPU
		{30F398D8-3AA2-43A6-9FA4-9434775C62AB}.Debug|Any CPU.Build.0 = Debug|Any CPU
		{30F398D8-3AA2-43A6-9FA4-9434775C62AB}.Release|Any CPU.ActiveCfg = Release|Any CPU
		{30F398D8-3AA2-43A6-9FA4-9434775C62AB}.Release|Any CPU.Build.0 = Release|Any CPU
		{576A8A8A-1C18-4222-BBE4-4DB249668715}.Debug|Any CPU.ActiveCfg = Debug|Any CPU
		{576A8A8A-1C18-4222-BBE4-4DB249668715}.Debug|Any CPU.Build.0 = Debug|Any CPU
		{576A8A8A-1C18-4222-BBE4-4DB249668715}.Release|Any CPU.ActiveCfg = Release|Any CPU
		{576A8A8A-1C18-4222-BBE4-4DB249668715}.Release|Any CPU.Build.0 = Release|Any CPU
		{6508F141-2775-457D-BDE6-0E6FFB3C3CDB}.Debug|Any CPU.ActiveCfg = Debug|Any CPU
		{6508F141-2775-457D-BDE6-0E6FFB3C3CDB}.Debug|Any CPU.Build.0 = Debug|Any CPU
		{6508F141-2775-457D-BDE6-0E6FFB3C3CDB}.Release|Any CPU.ActiveCfg = Release|Any CPU
		{6508F141-2775-457D-BDE6-0E6FFB3C3CDB}.Release|Any CPU.Build.0 = Release|Any CPU
		{6131A140-FD3D-47EF-86FD-35BCDE03BEF4}.Debug|Any CPU.ActiveCfg = Debug|Any CPU
		{6131A140-FD3D-47EF-86FD-35BCDE03BEF4}.Debug|Any CPU.Build.0 = Debug|Any CPU
		{6131A140-FD3D-47EF-86FD-35BCDE03BEF4}.Release|Any CPU.ActiveCfg = Release|Any CPU
		{6131A140-FD3D-47EF-86FD-35BCDE03BEF4}.Release|Any CPU.Build.0 = Release|Any CPU
	EndGlobalSection
	GlobalSection(SolutionProperties) = preSolution
		HideSolutionNode = FALSE
	EndGlobalSection
	GlobalSection(ExtensibilityGlobals) = postSolution
		SolutionGuid = {1445B44A-CADB-4A82-943A-02EED128A95E}
	EndGlobalSection
EndGlobal
