
Microsoft Visual Studio Solution File, Format Version 12.00
# Visual Studio Version 17
VisualStudioVersion = 17.7.34221.43
MinimumVisualStudioVersion = 10.0.40219.1
Project("{FAE04EC0-301F-11D3-BF4B-00C04F79EFBC}") = "MVC_TravelBookingProject_", "MVC_TravelBookingProject_.csproj", "{68EDA9CF-519C-4012-BD63-4DEFEDA83697}"
EndProject
Global
	GlobalSection(SolutionConfigurationPlatforms) = preSolution
		Debug|Any CPU = Debug|Any CPU
		Release|Any CPU = Release|Any CPU
	EndGlobalSection
	GlobalSection(ProjectConfigurationPlatforms) = postSolution
		{68EDA9CF-519C-4012-BD63-4DEFEDA83697}.Debug|Any CPU.ActiveCfg = Debug|Any CPU
		{68EDA9CF-519C-4012-BD63-4DEFEDA83697}.Debug|Any CPU.Build.0 = Debug|Any CPU
		{68EDA9CF-519C-4012-BD63-4DEFEDA83697}.Release|Any CPU.ActiveCfg = Release|Any CPU
		{68EDA9CF-519C-4012-BD63-4DEFEDA83697}.Release|Any CPU.Build.0 = Release|Any CPU
	EndGlobalSection
	GlobalSection(SolutionProperties) = preSolution
		HideSolutionNode = FALSE
	EndGlobalSection
	GlobalSection(ExtensibilityGlobals) = postSolution
		SolutionGuid = {AF79958D-2208-40AB-B60B-EAE6B96C987E}
	EndGlobalSection
EndGlobal
